
Microsoft Visual Studio Solution File, Format Version 12.00
# Visual Studio 15
VisualStudioVersion = 15.0.28307.572
MinimumVisualStudioVersion = 10.0.40219.1
Project("{8BC9CEB8-8B4A-11D0-8D11-00A0C91BC942}") = "3D test", "3D test\3D test.vcxproj", "{BE432879-A6FE-4514-8A6D-47BAD4FACD07}"
EndProject
Global
	GlobalSection(SolutionConfigurationPlatforms) = preSolution
		Debug|x64 = Debug|x64
		Debug|x86 = Debug|x86
		Release|x64 = Release|x64
		Release|x86 = Release|x86
	EndGlobalSection
	GlobalSection(ProjectConfigurationPlatforms) = postSolution
		{BE432879-A6FE-4514-8A6D-47BAD4FACD07}.Debug|x64.ActiveCfg = Debug|x64
		{BE432879-A6FE-4514-8A6D-47BAD4FACD07}.Debug|x64.Build.0 = Debug|x64
		{BE432879-A6FE-4514-8A6D-47BAD4FACD07}.Debug|x86.ActiveCfg = Debug|Win32
		{BE432879-A6FE-4514-8A6D-47BAD4FACD07}.Debug|x86.Build.0 = Debug|Win32
		{BE432879-A6FE-4514-8A6D-47BAD4FACD07}.Release|x64.ActiveCfg = Release|x64
		{BE432879-A6FE-4514-8A6D-47BAD4FACD07}.Release|x64.Build.0 = Release|x64
		{BE432879-A6FE-4514-8A6D-47BAD4FACD07}.Release|x86.ActiveCfg = Release|Win32
		{BE432879-A6FE-4514-8A6D-47BAD4FACD07}.Release|x86.Build.0 = Release|Win32
	EndGlobalSection
	GlobalSection(SolutionProperties) = preSolution
		HideSolutionNode = FALSE
	EndGlobalSection
	GlobalSection(ExtensibilityGlobals) = postSolution
		SolutionGuid = {4C5568D9-F091-4F04-A456-1077DBBBD401}
	EndGlobalSection
EndGlobal
